
Microsoft Visual Studio Solution File, Format Version 12.00
# Visual Studio 15
VisualStudioVersion = 15.0.27130.2027
MinimumVisualStudioVersion = 10.0.40219.1
Project("{8BC9CEB8-8B4A-11D0-8D11-00A0C91BC942}") = "Project02", "Project02\Project02.vcxproj", "{BD0B426E-4064-4ABB-82DE-A3B6013F344C}"
	ProjectSection(ProjectDependencies) = postProject
		{952C6617-807A-4497-97A5-4E78BA2DEF16} = {952C6617-807A-4497-97A5-4E78BA2DEF16}
	EndProjectSection
EndProject
Project("{8BC9CEB8-8B4A-11D0-8D11-00A0C91BC942}") = "gedcom_test", "gedcom_test\gedcom_test.vcxproj", "{213071C0-C091-4959-A876-79EADE547C98}"
	ProjectSection(ProjectDependencies) = postProject
		{952C6617-807A-4497-97A5-4E78BA2DEF16} = {952C6617-807A-4497-97A5-4E78BA2DEF16}
	EndProjectSection
EndProject
Project("{8BC9CEB8-8B4A-11D0-8D11-00A0C91BC942}") = "GedcomStaticLib", "GedcomStaticLib\GedcomStaticLib.vcxproj", "{952C6617-807A-4497-97A5-4E78BA2DEF16}"
EndProject
Global
	GlobalSection(SolutionConfigurationPlatforms) = preSolution
		Debug|x64 = Debug|x64
		Debug|x86 = Debug|x86
		Release|x64 = Release|x64
		Release|x86 = Release|x86
	EndGlobalSection
	GlobalSection(ProjectConfigurationPlatforms) = postSolution
		{BD0B426E-4064-4ABB-82DE-A3B6013F344C}.Debug|x64.ActiveCfg = Debug|x64
		{BD0B426E-4064-4ABB-82DE-A3B6013F344C}.Debug|x64.Build.0 = Debug|x64
		{BD0B426E-4064-4ABB-82DE-A3B6013F344C}.Debug|x86.ActiveCfg = Debug|Win32
		{BD0B426E-4064-4ABB-82DE-A3B6013F344C}.Debug|x86.Build.0 = Debug|Win32
		{BD0B426E-4064-4ABB-82DE-A3B6013F344C}.Release|x64.ActiveCfg = Release|x64
		{BD0B426E-4064-4ABB-82DE-A3B6013F344C}.Release|x64.Build.0 = Release|x64
		{BD0B426E-4064-4ABB-82DE-A3B6013F344C}.Release|x86.ActiveCfg = Release|Win32
		{BD0B426E-4064-4ABB-82DE-A3B6013F344C}.Release|x86.Build.0 = Release|Win32
		{213071C0-C091-4959-A876-79EADE547C98}.Debug|x64.ActiveCfg = Debug|x64
		{213071C0-C091-4959-A876-79EADE547C98}.Debug|x64.Build.0 = Debug|x64
		{213071C0-C091-4959-A876-79EADE547C98}.Debug|x86.ActiveCfg = Debug|Win32
		{213071C0-C091-4959-A876-79EADE547C98}.Debug|x86.Build.0 = Debug|Win32
		{213071C0-C091-4959-A876-79EADE547C98}.Release|x64.ActiveCfg = Release|x64
		{213071C0-C091-4959-A876-79EADE547C98}.Release|x64.Build.0 = Release|x64
		{213071C0-C091-4959-A876-79EADE547C98}.Release|x86.ActiveCfg = Release|Win32
		{213071C0-C091-4959-A876-79EADE547C98}.Release|x86.Build.0 = Release|Win32
		{952C6617-807A-4497-97A5-4E78BA2DEF16}.Debug|x64.ActiveCfg = Debug|x64
		{952C6617-807A-4497-97A5-4E78BA2DEF16}.Debug|x64.Build.0 = Debug|x64
		{952C6617-807A-4497-97A5-4E78BA2DEF16}.Debug|x86.ActiveCfg = Debug|Win32
		{952C6617-807A-4497-97A5-4E78BA2DEF16}.Debug|x86.Build.0 = Debug|Win32
		{952C6617-807A-4497-97A5-4E78BA2DEF16}.Release|x64.ActiveCfg = Release|x64
		{952C6617-807A-4497-97A5-4E78BA2DEF16}.Release|x64.Build.0 = Release|x64
		{952C6617-807A-4497-97A5-4E78BA2DEF16}.Release|x86.ActiveCfg = Release|Win32
		{952C6617-807A-4497-97A5-4E78BA2DEF16}.Release|x86.Build.0 = Release|Win32
	EndGlobalSection
	GlobalSection(SolutionProperties) = preSolution
		HideSolutionNode = FALSE
	EndGlobalSection
	GlobalSection(ExtensibilityGlobals) = postSolution
		SolutionGuid = {ACD79B52-0B49-4B11-A3A3-88AC9ABAEEFE}
	EndGlobalSection
EndGlobal
